
Microsoft Visual Studio Solution File, Format Version 12.00
# Visual Studio Version 16
VisualStudioVersion = 16.0.30225.117
MinimumVisualStudioVersion = 10.0.40219.1
Project("{9A19103F-16F7-4668-BE54-9A1E7A4F7556}") = "HighScores", "HighScores.csproj", "{0CAE3041-8737-4CC5-9620-C91381E90D48}"
EndProject
Global
	GlobalSection(SolutionConfigurationPlatforms) = preSolution
		Debug|Any CPU = Debug|Any CPU
		Release|Any CPU = Release|Any CPU
	EndGlobalSection
	GlobalSection(ProjectConfigurationPlatforms) = postSolution
		{0CAE3041-8737-4CC5-9620-C91381E90D48}.Debug|Any CPU.ActiveCfg = Debug|Any CPU
		{0CAE3041-8737-4CC5-9620-C91381E90D48}.Debug|Any CPU.Build.0 = Debug|Any CPU
		{0CAE3041-8737-4CC5-9620-C91381E90D48}.Release|Any CPU.ActiveCfg = Release|Any CPU
		{0CAE3041-8737-4CC5-9620-C91381E90D48}.Release|Any CPU.Build.0 = Release|Any CPU
	EndGlobalSection
	GlobalSection(SolutionProperties) = preSolution
		HideSolutionNode = FALSE
	EndGlobalSection
	GlobalSection(ExtensibilityGlobals) = postSolution
		SolutionGuid = {82ECD15C-E4D9-4ACE-B696-C6E6A8926F8D}
	EndGlobalSection
EndGlobal
