
Microsoft Visual Studio Solution File, Format Version 12.00
# Visual Studio Version 16
VisualStudioVersion = 16.0.30225.117
MinimumVisualStudioVersion = 10.0.40219.1
Project("{9A19103F-16F7-4668-BE54-9A1E7A4F7556}") = "NucleotideCount", "NucleotideCount.csproj", "{05B45B55-D198-44F7-BD35-8BC85D7149F9}"
EndProject
Global
	GlobalSection(SolutionConfigurationPlatforms) = preSolution
		Debug|Any CPU = Debug|Any CPU
		Release|Any CPU = Release|Any CPU
	EndGlobalSection
	GlobalSection(ProjectConfigurationPlatforms) = postSolution
		{05B45B55-D198-44F7-BD35-8BC85D7149F9}.Debug|Any CPU.ActiveCfg = Debug|Any CPU
		{05B45B55-D198-44F7-BD35-8BC85D7149F9}.Debug|Any CPU.Build.0 = Debug|Any CPU
		{05B45B55-D198-44F7-BD35-8BC85D7149F9}.Release|Any CPU.ActiveCfg = Release|Any CPU
		{05B45B55-D198-44F7-BD35-8BC85D7149F9}.Release|Any CPU.Build.0 = Release|Any CPU
	EndGlobalSection
	GlobalSection(SolutionProperties) = preSolution
		HideSolutionNode = FALSE
	EndGlobalSection
	GlobalSection(ExtensibilityGlobals) = postSolution
		SolutionGuid = {A1713B04-240E-4194-AA7D-5C5AB64EE368}
	EndGlobalSection
EndGlobal
