
Microsoft Visual Studio Solution File, Format Version 12.00
# Visual Studio Version 16
VisualStudioVersion = 16.0.30225.117
MinimumVisualStudioVersion = 10.0.40219.1
Project("{9A19103F-16F7-4668-BE54-9A1E7A4F7556}") = "Gigasecond", "Gigasecond.csproj", "{876C54F3-F324-426F-B29D-BA9EF9A249E7}"
EndProject
Global
	GlobalSection(SolutionConfigurationPlatforms) = preSolution
		Debug|Any CPU = Debug|Any CPU
		Release|Any CPU = Release|Any CPU
	EndGlobalSection
	GlobalSection(ProjectConfigurationPlatforms) = postSolution
		{876C54F3-F324-426F-B29D-BA9EF9A249E7}.Debug|Any CPU.ActiveCfg = Debug|Any CPU
		{876C54F3-F324-426F-B29D-BA9EF9A249E7}.Debug|Any CPU.Build.0 = Debug|Any CPU
		{876C54F3-F324-426F-B29D-BA9EF9A249E7}.Release|Any CPU.ActiveCfg = Release|Any CPU
		{876C54F3-F324-426F-B29D-BA9EF9A249E7}.Release|Any CPU.Build.0 = Release|Any CPU
	EndGlobalSection
	GlobalSection(SolutionProperties) = preSolution
		HideSolutionNode = FALSE
	EndGlobalSection
	GlobalSection(ExtensibilityGlobals) = postSolution
		SolutionGuid = {34563017-ECB3-4F27-B126-0204C65062F6}
	EndGlobalSection
EndGlobal
